
Microsoft Visual Studio Solution File, Format Version 12.00
# Visual Studio Version 17
VisualStudioVersion = 17.10.35027.167
MinimumVisualStudioVersion = 10.0.40219.1
Project("{FAE04EC0-301F-11D3-BF4B-00C04F79EFBC}") = "WebApplication-cs", "WebApplication-cs\WebApplication-cs.csproj", "{BD3202AD-96D7-4430-8822-1A3B36E3DAF2}"
EndProject
Global
	GlobalSection(SolutionConfigurationPlatforms) = preSolution
		Debug|Any CPU = Debug|Any CPU
		Release|Any CPU = Release|Any CPU
	EndGlobalSection
	GlobalSection(ProjectConfigurationPlatforms) = postSolution
		{BD3202AD-96D7-4430-8822-1A3B36E3DAF2}.Debug|Any CPU.ActiveCfg = Debug|Any CPU
		{BD3202AD-96D7-4430-8822-1A3B36E3DAF2}.Debug|Any CPU.Build.0 = Debug|Any CPU
		{BD3202AD-96D7-4430-8822-1A3B36E3DAF2}.Release|Any CPU.ActiveCfg = Release|Any CPU
		{BD3202AD-96D7-4430-8822-1A3B36E3DAF2}.Release|Any CPU.Build.0 = Release|Any CPU
	EndGlobalSection
	GlobalSection(SolutionProperties) = preSolution
		HideSolutionNode = FALSE
	EndGlobalSection
	GlobalSection(ExtensibilityGlobals) = postSolution
		SolutionGuid = {74F3F337-2C93-4F58-850E-5FBD4801F40D}
	EndGlobalSection
EndGlobal
